{
  "nodes": {
    "disko": {
      "inputs": {
        "nixpkgs": [
          "nixpkgs"
        ]
      },
      "locked": {
        "lastModified": 1729588208,
        "narHash": "sha256-PNONdMd+sG7JWzNIDerX7oVZXL8FTVlSAZ1BmUo2HjE=",
        "owner": "nix-community",
        "repo": "disko",
        "rev": "4be2aadf13b67ffbb993deb73adff77c46b728fc",
        "type": "github"
      },
      "original": {
        "owner": "nix-community",
        "repo": "disko",
        "type": "github"
      }
    },
    "nixos-facter-modules": {
      "locked": {
        "lastModified": 1728725827,
        "narHash": "sha256-io1UeGaV2HcmK1zCZPnawJu3CxKHhiZ83NBJ+qshWIo=",
        "owner": "numtide",
        "repo": "nixos-facter-modules",
        "rev": "9f2a45b372830d28412160413d1d83f5ee11cc2f",
        "type": "github"
      },
      "original": {
        "owner": "numtide",
        "repo": "nixos-facter-modules",
        "type": "github"
      }
    },
    "nixpkgs": {
      "locked": {
        "lastModified": 1729658218,
        "narHash": "sha256-9Rg+AqLqvqqJniP/OQB3GtgXoAd8IlazsHp97va042Y=",
        "owner": "NixOS",
        "repo": "nixpkgs",
        "rev": "dfffb2e7a52d29a0ef8e21ec8a0f30487b227f1a",
        "type": "github"
      },
      "original": {
        "owner": "NixOS",
        "ref": "nixpkgs-unstable",
        "repo": "nixpkgs",
        "type": "github"
      }
    },
    "root": {
      "inputs": {
        "disko": "disko",
        "nixos-facter-modules": "nixos-facter-modules",
        "nixpkgs": "nixpkgs"
      }
    }
  },
  "root": "root",
  "version": 7
}
